
Microsoft Visual Studio Solution File, Format Version 12.00
# Visual Studio Version 17
VisualStudioVersion = 17.5.33530.505
MinimumVisualStudioVersion = 10.0.40219.1
Project("{9A19103F-16F7-4668-BE54-9A1E7A4F7556}") = "SchoolApplication", "SchoolApplicationWebApi\SchoolApplication.csproj", "{A31CBCF6-AA6C-47B2-AAAB-8940CBF9E547}"
EndProject
Project("{9A19103F-16F7-4668-BE54-9A1E7A4F7556}") = "SchoolApplication.Domain", "SchoolApplication.domain\SchoolApplication.Domain.csproj", "{F62886B2-A949-44C0-8C8B-1D23C56B8619}"
EndProject
Project("{9A19103F-16F7-4668-BE54-9A1E7A4F7556}") = "SchoolApplication.Repository", "SchoolApplication.Repository\SchoolApplication.Repository.csproj", "{826F9D1F-FEE7-4C8C-94E8-94D70204B24C}"
EndProject
Project("{9A19103F-16F7-4668-BE54-9A1E7A4F7556}") = "SchoolApplication.Services", "SchoolApplication.Services\SchoolApplication.Services.csproj", "{F78114E9-B78B-48A3-929B-1A3C318529A8}"
EndProject
Global
	GlobalSection(SolutionConfigurationPlatforms) = preSolution
		Debug|Any CPU = Debug|Any CPU
		Release|Any CPU = Release|Any CPU
	EndGlobalSection
	GlobalSection(ProjectConfigurationPlatforms) = postSolution
		{A31CBCF6-AA6C-47B2-AAAB-8940CBF9E547}.Debug|Any CPU.ActiveCfg = Debug|Any CPU
		{A31CBCF6-AA6C-47B2-AAAB-8940CBF9E547}.Debug|Any CPU.Build.0 = Debug|Any CPU
		{A31CBCF6-AA6C-47B2-AAAB-8940CBF9E547}.Release|Any CPU.ActiveCfg = Release|Any CPU
		{A31CBCF6-AA6C-47B2-AAAB-8940CBF9E547}.Release|Any CPU.Build.0 = Release|Any CPU
		{F62886B2-A949-44C0-8C8B-1D23C56B8619}.Debug|Any CPU.ActiveCfg = Debug|Any CPU
		{F62886B2-A949-44C0-8C8B-1D23C56B8619}.Debug|Any CPU.Build.0 = Debug|Any CPU
		{F62886B2-A949-44C0-8C8B-1D23C56B8619}.Release|Any CPU.ActiveCfg = Release|Any CPU
		{F62886B2-A949-44C0-8C8B-1D23C56B8619}.Release|Any CPU.Build.0 = Release|Any CPU
		{826F9D1F-FEE7-4C8C-94E8-94D70204B24C}.Debug|Any CPU.ActiveCfg = Debug|Any CPU
		{826F9D1F-FEE7-4C8C-94E8-94D70204B24C}.Debug|Any CPU.Build.0 = Debug|Any CPU
		{826F9D1F-FEE7-4C8C-94E8-94D70204B24C}.Release|Any CPU.ActiveCfg = Release|Any CPU
		{826F9D1F-FEE7-4C8C-94E8-94D70204B24C}.Release|Any CPU.Build.0 = Release|Any CPU
		{F78114E9-B78B-48A3-929B-1A3C318529A8}.Debug|Any CPU.ActiveCfg = Debug|Any CPU
		{F78114E9-B78B-48A3-929B-1A3C318529A8}.Debug|Any CPU.Build.0 = Debug|Any CPU
		{F78114E9-B78B-48A3-929B-1A3C318529A8}.Release|Any CPU.ActiveCfg = Release|Any CPU
		{F78114E9-B78B-48A3-929B-1A3C318529A8}.Release|Any CPU.Build.0 = Release|Any CPU
	EndGlobalSection
	GlobalSection(SolutionProperties) = preSolution
		HideSolutionNode = FALSE
	EndGlobalSection
	GlobalSection(ExtensibilityGlobals) = postSolution
		SolutionGuid = {4365E1F5-928F-48A1-8CF9-9A6CEB86A2BB}
	EndGlobalSection
EndGlobal
